// !$*UTF8*$!
{
	archiveVersion = 1;
	classes = {
	};
	objectVersion = 56;
	objects = {

/* Begin PBXBuildFile section */
		A100000000000000000000021 /* EZStudyApp.swift in Sources */ = {isa = PBXBuildFile; fileRef = A100000000000000000000001 /* EZStudyApp.swift */; };
		A100000000000000000000022 /* Notebook.swift in Sources */ = {isa = PBXBuildFile; fileRef = A100000000000000000000002 /* Notebook.swift */; };
		A100000000000000000000023 /* Note.swift in Sources */ = {isa = PBXBuildFile; fileRef = A100000000000000000000003 /* Note.swift */; };
		A100000000000000000000024 /* Color+Hex.swift in Sources */ = {isa = PBXBuildFile; fileRef = A100000000000000000000004 /* Color+Hex.swift */; };
		A100000000000000000000025 /* NotesStore.swift in Sources */ = {isa = PBXBuildFile; fileRef = A100000000000000000000005 /* NotesStore.swift */; };
		A100000000000000000000026 /* HomeView.swift in Sources */ = {isa = PBXBuildFile; fileRef = A100000000000000000000006 /* HomeView.swift */; };
		A100000000000000000000027 /* NotebookCellView.swift in Sources */ = {isa = PBXBuildFile; fileRef = A100000000000000000000007 /* NotebookCellView.swift */; };
		A100000000000000000000028 /* NewNotebookSheet.swift in Sources */ = {isa = PBXBuildFile; fileRef = A100000000000000000000008 /* NewNotebookSheet.swift */; };
		A100000000000000000000029 /* NotebookDetailView.swift in Sources */ = {isa = PBXBuildFile; fileRef = A100000000000000000000009 /* NotebookDetailView.swift */; };
		A10000000000000000000002A /* NoteEditorView.swift in Sources */ = {isa = PBXBuildFile; fileRef = A10000000000000000000000A /* NoteEditorView.swift */; };
		A10000000000000000000002B /* DrawingCanvasView.swift in Sources */ = {isa = PBXBuildFile; fileRef = A10000000000000000000000B /* DrawingCanvasView.swift */; };
		A10000000000000000000002C /* Assets.xcassets in Resources */ = {isa = PBXBuildFile; fileRef = A10000000000000000000000C /* Assets.xcassets */; };
		A10000000000000000000002D /* InAppBrowserView.swift in Sources */ = {isa = PBXBuildFile; fileRef = A10000000000000000000000E /* InAppBrowserView.swift */; };
		A10000000000000000000002E /* LinkedTextEditor.swift in Sources */ = {isa = PBXBuildFile; fileRef = A10000000000000000000000F /* LinkedTextEditor.swift */; };
		A10000000000000000000002F /* FormattingToolbar.swift in Sources */
		A200000000000000000000021 /* TabsManager.swift in Sources */ = {isa = PBXBuildFile; fileRef = A200000000000000000000001 /* TabsManager.swift */; };
		A200000000000000000000022 /* AIService.swift in Sources */ = {isa = PBXBuildFile; fileRef = A200000000000000000000002 /* AIService.swift */; };
		A200000000000000000000023 /* HandwritingRecognizer.swift in Sources */ = {isa = PBXBuildFile; fileRef = A200000000000000000000003 /* HandwritingRecognizer.swift */; };
		A200000000000000000000024 /* PDFService.swift in Sources */ = {isa = PBXBuildFile; fileRef = A200000000000000000000004 /* PDFService.swift */; };
		A200000000000000000000025 /* NoteTabsBar.swift in Sources */ = {isa = PBXBuildFile; fileRef = A200000000000000000000005 /* NoteTabsBar.swift */; };
		A200000000000000000000026 /* AIAssistantView.swift in Sources */ = {isa = PBXBuildFile; fileRef = A200000000000000000000006 /* AIAssistantView.swift */; };
		A200000000000000000000027 /* MathSolverView.swift in Sources */ = {isa = PBXBuildFile; fileRef = A200000000000000000000007 /* MathSolverView.swift */; };
		A200000000000000000000028 /* GraphView.swift in Sources */ = {isa = PBXBuildFile; fileRef = A200000000000000000000008 /* GraphView.swift */; };
		A200000000000000000000029 /* ImagePickerView.swift in Sources */ = {isa = PBXBuildFile; fileRef = A200000000000000000000009 /* ImagePickerView.swift */; }; = {isa = PBXBuildFile; fileRef = A100000000000000000000010 /* FormattingToolbar.swift */; };
/* End PBXBuildFile section */

/* Begin PBXFileReference section */
		A100000000000000000000001 /* EZStudyApp.swift */ = {isa = PBXFileReference; lastKnownFileType = sourcecode.swift; path = EZStudyApp.swift; sourceTree = "<group>"; };
		A100000000000000000000002 /* Notebook.swift */ = {isa = PBXFileReference; lastKnownFileType = sourcecode.swift; path = Notebook.swift; sourceTree = "<group>"; };
		A100000000000000000000003 /* Note.swift */ = {isa = PBXFileReference; lastKnownFileType = sourcecode.swift; path = Note.swift; sourceTree = "<group>"; };
		A100000000000000000000004 /* Color+Hex.swift */ = {isa = PBXFileReference; lastKnownFileType = sourcecode.swift; path = "Color+Hex.swift"; sourceTree = "<group>"; };
		A100000000000000000000005 /* NotesStore.swift */ = {isa = PBXFileReference; lastKnownFileType = sourcecode.swift; path = NotesStore.swift; sourceTree = "<group>"; };
		A100000000000000000000006 /* HomeView.swift */ = {isa = PBXFileReference; lastKnownFileType = sourcecode.swift; path = HomeView.swift; sourceTree = "<group>"; };
		A100000000000000000000007 /* NotebookCellView.swift */ = {isa = PBXFileReference; lastKnownFileType = sourcecode.swift; path = NotebookCellView.swift; sourceTree = "<group>"; };
		A100000000000000000000008 /* NewNotebookSheet.swift */ = {isa = PBXFileReference; lastKnownFileType = sourcecode.swift; path = NewNotebookSheet.swift; sourceTree = "<group>"; };
		A100000000000000000000009 /* NotebookDetailView.swift */ = {isa = PBXFileReference; lastKnownFileType = sourcecode.swift; path = NotebookDetailView.swift; sourceTree = "<group>"; };
		A10000000000000000000000A /* NoteEditorView.swift */ = {isa = PBXFileReference; lastKnownFileType = sourcecode.swift; path = NoteEditorView.swift; sourceTree = "<group>"; };
		A10000000000000000000000B /* DrawingCanvasView.swift */ = {isa = PBXFileReference; lastKnownFileType = sourcecode.swift; path = DrawingCanvasView.swift; sourceTree = "<group>"; };
		A10000000000000000000000C /* Assets.xcassets */ = {isa = PBXFileReference; lastKnownFileType = folder.assetcatalog; path = Assets.xcassets; sourceTree = "<group>"; };
		A10000000000000000000000E /* InAppBrowserView.swift */ = {isa = PBXFileReference; lastKnownFileType = sourcecode.swift; path = InAppBrowserView.swift; sourceTree = "<group>"; };
		A10000000000000000000000F /* LinkedTextEditor.swift */ = {isa = PBXFileReference; lastKnownFileType = sourcecode.swift; path = LinkedTextEditor.swift; sourceTree = "<group>"; };
		A100000000000000000000010 /* FormattingToolbar.swift */ = {isa = PBXFileReference; lastKnownFileType = sourcecode.swift; path = FormattingToolbar.swift; sourceTree = "<group>"; };

		A200000000000000000000001 /* TabsManager.swift */ = {isa = PBXFileReference; lastKnownFileType = sourcecode.swift; path = TabsManager.swift; sourceTree = "<group>"; };
		A200000000000000000000002 /* AIService.swift */ = {isa = PBXFileReference; lastKnownFileType = sourcecode.swift; path = AIService.swift; sourceTree = "<group>"; };
		A200000000000000000000003 /* HandwritingRecognizer.swift */ = {isa = PBXFileReference; lastKnownFileType = sourcecode.swift; path = HandwritingRecognizer.swift; sourceTree = "<group>"; };
		A200000000000000000000004 /* PDFService.swift */ = {isa = PBXFileReference; lastKnownFileType = sourcecode.swift; path = PDFService.swift; sourceTree = "<group>"; };
		A200000000000000000000005 /* NoteTabsBar.swift */ = {isa = PBXFileReference; lastKnownFileType = sourcecode.swift; path = NoteTabsBar.swift; sourceTree = "<group>"; };
		A200000000000000000000006 /* AIAssistantView.swift */ = {isa = PBXFileReference; lastKnownFileType = sourcecode.swift; path = AIAssistantView.swift; sourceTree = "<group>"; };
		A200000000000000000000007 /* MathSolverView.swift */ = {isa = PBXFileReference; lastKnownFileType = sourcecode.swift; path = MathSolverView.swift; sourceTree = "<group>"; };
		A200000000000000000000008 /* GraphView.swift */ = {isa = PBXFileReference; lastKnownFileType = sourcecode.swift; path = GraphView.swift; sourceTree = "<group>"; };
		A200000000000000000000009 /* ImagePickerView.swift */ = {isa = PBXFileReference; lastKnownFileType = sourcecode.swift; path = ImagePickerView.swift; sourceTree = "<group>"; };
		A10000000000000000000000D /* EZStudy.app */ = {isa = PBXFileReference; explicitFileType = wrapper.application; includeInIndex = 0; path = EZStudy.app; sourceTree = BUILT_PRODUCTS_DIR; };
/* End PBXFileReference section */

/* Begin PBXFrameworksBuildPhase section */
		A100000000000000000000E01 /* Frameworks */ = {
			isa = PBXFrameworksBuildPhase;
			buildActionMask = 2147483647;
			files = (
			);
			runOnlyForDeploymentPostprocessing = 0;
		};
/* End PBXFrameworksBuildPhase section */

/* Begin PBXGroup section */
		A100000000000000000000C01 /* EZStudy */ = {
			isa = PBXGroup;
			children = (
				A100000000000000000000001 /* EZStudyApp.swift */,
				A100000000000000000000C04 /* Models */,
				A100000000000000000000C05 /* Extensions */,
				A100000000000000000000C06 /* ViewModels */,
				A100000000000000000000C07 /* Views */,
				A10000000000000000000000C /* Assets.xcassets */,
				A200000000000000000000041 /* Services */,
			);
			path = EZStudy;
			sourceTree = "<group>";
		};
		A100000000000000000000C02 /* Products */ = {
			isa = PBXGroup;
			children = (
				A10000000000000000000000D /* EZStudy.app */,
			);
			name = Products;
			sourceTree = "<group>";
		};
		A100000000000000000000C03 /* root */ = {
			isa = PBXGroup;
			children = (
				A100000000000000000000C01 /* EZStudy */,
				A100000000000000000000C02 /* Products */,
			);
			sourceTree = "<group>";
		};
		A100000000000000000000C04 /* Models */ = {
			isa = PBXGroup;
			children = (
				A100000000000000000000002 /* Notebook.swift */,
				A100000000000000000000003 /* Note.swift */,
			);
			path = Models;
			sourceTree = "<group>";
		};
		A100000000000000000000C05 /* Extensions */ = {
			isa = PBXGroup;
			children = (
				A100000000000000000000004 /* Color+Hex.swift */,
			);
			path = Extensions;
			sourceTree = "<group>";
		};
		A100000000000000000000C06 /* ViewModels */ = {
			isa = PBXGroup;
			children = (
				A100000000000000000000005 /* NotesStore.swift */,
				A200000000000000000000001 /* TabsManager.swift */,
			);
			path = ViewModels;
			sourceTree = "<group>";
		};
		A100000000000000000000C07 /* Views */ = {
			isa = PBXGroup;
			children = (
				A100000000000000000000006 /* HomeView.swift */,
				A100000000000000000000007 /* NotebookCellView.swift */,
				A100000000000000000000008 /* NewNotebookSheet.swift */,
				A100000000000000000000009 /* NotebookDetailView.swift */,
				A10000000000000000000000A /* NoteEditorView.swift */,
				A10000000000000000000000B /* DrawingCanvasView.swift */,
				A10000000000000000000000E /* InAppBrowserView.swift */,
				A10000000000000000000000F /* LinkedTextEditor.swift */,
				A100000000000000000000010 /* FormattingToolbar.swift */,
				A200000000000000000000005 /* NoteTabsBar.swift */,
				A200000000000000000000006 /* AIAssistantView.swift */,
				A200000000000000000000007 /* MathSolverView.swift */,
				A200000000000000000000008 /* GraphView.swift */,
				A200000000000000000000009 /* ImagePickerView.swift */,
			);
			path = Views;
			sourceTree = "<group>";
		};

		A200000000000000000000041 /* Services */ = {
			isa = PBXGroup;
			children = (
				A200000000000000000000002 /* AIService.swift */,
				A200000000000000000000003 /* HandwritingRecognizer.swift */,
				A200000000000000000000004 /* PDFService.swift */,
			);
			path = Services;
			sourceTree = "<group>";
		};
/* End PBXGroup section */

/* Begin PBXNativeTarget section */
		A100000000000000000000D01 /* EZStudy */ = {
			isa = PBXNativeTarget;
			buildConfigurationList = A100000000000000000000F02 /* Build configuration list for PBXNativeTarget "EZStudy" */;
			buildPhases = (
				A100000000000000000000E02 /* Sources */,
				A100000000000000000000E01 /* Frameworks */,
				A100000000000000000000E03 /* Resources */,
			);
			buildRules = (
			);
			dependencies = (
			);
			name = EZStudy;
			productName = EZStudy;
			productReference = A10000000000000000000000D /* EZStudy.app */;
			productType = "com.apple.product-type.application";
		};
/* End PBXNativeTarget section */

/* Begin PBXProject section */
		A100000000000000000000A01 /* Project object */ = {
			isa = PBXProject;
			attributes = {
				BuildIndependentTargetsInParallel = 1;
				LastSwiftUpdateCheck = 1500;
				LastUpgradeCheck = 1500;
				TargetAttributes = {
					A100000000000000000000D01 = {
						CreatedOnToolsVersion = 15.0;
					};
				};
			};
			buildConfigurationList = A100000000000000000000F01 /* Build configuration list for PBXProject "EZStudy" */;
			compatibilityVersion = "Xcode 14.0";
			developmentRegion = en;
			hasScannedForEncodings = 0;
			knownRegions = (
				en,
				Base,
			);
			mainGroup = A100000000000000000000C03;
			productRefGroup = A100000000000000000000C02 /* Products */;
			projectDirPath = "";
			projectRoot = "";
			targets = (
				A100000000000000000000D01 /* EZStudy */,
			);
		};
/* End PBXProject section */

/* Begin PBXResourcesBuildPhase section */
		A100000000000000000000E03 /* Resources */ = {
			isa = PBXResourcesBuildPhase;
			buildActionMask = 2147483647;
			files = (
				A10000000000000000000002C /* Assets.xcassets in Resources */,
			);
			runOnlyForDeploymentPostprocessing = 0;
		};
/* End PBXResourcesBuildPhase section */

/* Begin PBXSourcesBuildPhase section */
		A100000000000000000000E02 /* Sources */ = {
			isa = PBXSourcesBuildPhase;
			buildActionMask = 2147483647;
			files = (
				A100000000000000000000021 /* EZStudyApp.swift in Sources */,
				A100000000000000000000022 /* Notebook.swift in Sources */,
				A100000000000000000000023 /* Note.swift in Sources */,
				A100000000000000000000024 /* Color+Hex.swift in Sources */,
				A100000000000000000000025 /* NotesStore.swift in Sources */,
				A100000000000000000000026 /* HomeView.swift in Sources */,
				A100000000000000000000027 /* NotebookCellView.swift in Sources */,
				A100000000000000000000028 /* NewNotebookSheet.swift in Sources */,
				A100000000000000000000029 /* NotebookDetailView.swift in Sources */,
				A10000000000000000000002A /* NoteEditorView.swift in Sources */,
				A10000000000000000000002B /* DrawingCanvasView.swift in Sources */,
				A10000000000000000000002D /* InAppBrowserView.swift in Sources */,
				A10000000000000000000002E /* LinkedTextEditor.swift in Sources */,
				A10000000000000000000002F /* FormattingToolbar.swift in Sources */,
				A200000000000000000000021 /* TabsManager.swift in Sources */,
				A200000000000000000000022 /* AIService.swift in Sources */,
				A200000000000000000000023 /* HandwritingRecognizer.swift in Sources */,
				A200000000000000000000024 /* PDFService.swift in Sources */,
				A200000000000000000000025 /* NoteTabsBar.swift in Sources */,
				A200000000000000000000026 /* AIAssistantView.swift in Sources */,
				A200000000000000000000027 /* MathSolverView.swift in Sources */,
				A200000000000000000000028 /* GraphView.swift in Sources */,
				A200000000000000000000029 /* ImagePickerView.swift in Sources */,
			);
			runOnlyForDeploymentPostprocessing = 0;
		};
/* End PBXSourcesBuildPhase section */

/* Begin XCBuildConfiguration section */
		A100000000000000000000B01 /* Debug */ = {
			isa = XCBuildConfiguration;
			buildSettings = {
				ALWAYS_SEARCH_USER_PATHS = NO;
				ASSETCATALOG_COMPILER_GENERATE_SWIFT_ASSET_SYMBOL_EXTENSIONS = YES;
				CLANG_ANALYZER_NONNULL = YES;
				CLANG_ANALYZER_NUMBER_OBJECT_CONVERSION = YES_AGGRESSIVE;
				CLANG_CXX_LANGUAGE_STANDARD = "gnu++20";
				CLANG_ENABLE_MODULES = YES;
				CLANG_ENABLE_OBJC_ARC = YES;
				CLANG_ENABLE_OBJC_WEAK = YES;
				CLANG_WARN_BLOCK_CAPTURE_AUTORELEASING = YES;
				CLANG_WARN_BOOL_CONVERSION = YES;
				CLANG_WARN_COMMA = YES;
				CLANG_WARN_CONSTANT_CONVERSION = YES;
				CLANG_WARN_DEPRECATED_OBJC_IMPLEMENTATIONS = YES;
				CLANG_WARN_DIRECT_OBJC_ISA_USAGE = YES_ERROR;
				CLANG_WARN_DOCUMENTATION_COMMENTS = YES;
				CLANG_WARN_EMPTY_BODY = YES;
				CLANG_WARN_ENUM_CONVERSION = YES;
				CLANG_WARN_INFINITE_RECURSION = YES;
				CLANG_WARN_INT_CONVERSION = YES;
				CLANG_WARN_NON_LITERAL_NULL_CONVERSION = YES;
				CLANG_WARN_OBJC_IMPLICIT_RETAIN_SELF = YES;
				CLANG_WARN_OBJC_LITERAL_CONVERSION = YES;
				CLANG_WARN_OBJC_ROOT_CLASS = YES_ERROR;
				CLANG_WARN_QUOTED_INCLUDE_IN_FRAMEWORK_HEADER = YES;
				CLANG_WARN_RANGE_LOOP_ANALYSIS = YES;
				CLANG_WARN_STRICT_PROTOTYPES = YES;
				CLANG_WARN_SUSPICIOUS_MOVE = YES;
				CLANG_WARN_UNGUARDED_AVAILABILITY = YES_AGGRESSIVE;
				CLANG_WARN_UNREACHABLE_CODE = YES;
				CLANG_WARN__DUPLICATE_METHOD_MATCH = YES;
				COPY_PHASE_STRIP = NO;
				DEBUG_INFORMATION_FORMAT = dwarf;
				ENABLE_STRICT_OBJC_MSGSEND = YES;
				ENABLE_TESTABILITY = YES;
				ENABLE_USER_SCRIPT_SANDBOXING = YES;
				GCC_C_LANGUAGE_STANDARD = gnu17;
				GCC_DYNAMIC_NO_PIC = NO;
				GCC_NO_COMMON_BLOCKS = YES;
				GCC_OPTIMIZATION_LEVEL = 0;
				GCC_PREPROCESSOR_DEFINITIONS = (
					"DEBUG=1",
					"$(inherited)",
				);
				GCC_WARN_64_TO_32_BIT_CONVERSION = YES;
				GCC_WARN_ABOUT_RETURN_TYPE = YES_ERROR;
				GCC_WARN_UNDECLARED_SELECTOR = YES;
				GCC_WARN_UNINITIALIZED_AUTOS = YES_AGGRESSIVE;
				GCC_WARN_UNUSED_FUNCTION = YES;
				GCC_WARN_UNUSED_VARIABLE = YES;
				IPHONEOS_DEPLOYMENT_TARGET = 16.0;
				MTL_ENABLE_DEBUG_INFO = INCLUDE_SOURCE;
				MTL_FAST_MATH = YES;
				ONLY_ACTIVE_ARCH = YES;
				SDKROOT = iphoneos;
				SWIFT_ACTIVE_COMPILATION_CONDITIONS = DEBUG;
				SWIFT_OPTIMIZATION_LEVEL = "-Onone";
			};
			name = Debug;
		};
		A100000000000000000000B02 /* Release */ = {
			isa = XCBuildConfiguration;
			buildSettings = {
				ALWAYS_SEARCH_USER_PATHS = NO;
				ASSETCATALOG_COMPILER_GENERATE_SWIFT_ASSET_SYMBOL_EXTENSIONS = YES;
				CLANG_ANALYZER_NONNULL = YES;
				CLANG_ANALYZER_NUMBER_OBJECT_CONVERSION = YES_AGGRESSIVE;
				CLANG_CXX_LANGUAGE_STANDARD = "gnu++20";
				CLANG_ENABLE_MODULES = YES;
				CLANG_ENABLE_OBJC_ARC = YES;
				CLANG_ENABLE_OBJC_WEAK = YES;
				CLANG_WARN_BLOCK_CAPTURE_AUTORELEASING = YES;
				CLANG_WARN_BOOL_CONVERSION = YES;
				CLANG_WARN_COMMA = YES;
				CLANG_WARN_CONSTANT_CONVERSION = YES;
				CLANG_WARN_DEPRECATED_OBJC_IMPLEMENTATIONS = YES;
				CLANG_WARN_DIRECT_OBJC_ISA_USAGE = YES_ERROR;
				CLANG_WARN_DOCUMENTATION_COMMENTS = YES;
				CLANG_WARN_EMPTY_BODY = YES;
				CLANG_WARN_ENUM_CONVERSION = YES;
				CLANG_WARN_INFINITE_RECURSION = YES;
				CLANG_WARN_INT_CONVERSION = YES;
				CLANG_WARN_NON_LITERAL_NULL_CONVERSION = YES;
				CLANG_WARN_OBJC_IMPLICIT_RETAIN_SELF = YES;
				CLANG_WARN_OBJC_LITERAL_CONVERSION = YES;
				CLANG_WARN_OBJC_ROOT_CLASS = YES_ERROR;
				CLANG_WARN_QUOTED_INCLUDE_IN_FRAMEWORK_HEADER = YES;
				CLANG_WARN_RANGE_LOOP_ANALYSIS = YES;
				CLANG_WARN_STRICT_PROTOTYPES = YES;
				CLANG_WARN_SUSPICIOUS_MOVE = YES;
				CLANG_WARN_UNGUARDED_AVAILABILITY = YES_AGGRESSIVE;
				CLANG_WARN_UNREACHABLE_CODE = YES;
				CLANG_WARN__DUPLICATE_METHOD_MATCH = YES;
				COPY_PHASE_STRIP = NO;
				DEBUG_INFORMATION_FORMAT = "dwarf-with-dsym";
				ENABLE_NS_ASSERTIONS = NO;
				ENABLE_STRICT_OBJC_MSGSEND = YES;
				ENABLE_USER_SCRIPT_SANDBOXING = YES;
				GCC_C_LANGUAGE_STANDARD = gnu17;
				GCC_NO_COMMON_BLOCKS = YES;
				GCC_WARN_64_TO_32_BIT_CONVERSION = YES;
				GCC_WARN_ABOUT_RETURN_TYPE = YES_ERROR;
				GCC_WARN_UNDECLARED_SELECTOR = YES;
				GCC_WARN_UNINITIALIZED_AUTOS = YES_AGGRESSIVE;
				GCC_WARN_UNUSED_FUNCTION = YES;
				GCC_WARN_UNUSED_VARIABLE = YES;
				IPHONEOS_DEPLOYMENT_TARGET = 16.0;
				MTL_FAST_MATH = YES;
				SDKROOT = iphoneos;
				SWIFT_COMPILATION_MODE = wholemodule;
				VALIDATE_PRODUCT = YES;
			};
			name = Release;
		};
		A100000000000000000000B03 /* Debug */ = {
			isa = XCBuildConfiguration;
			buildSettings = {
				ASSETCATALOG_COMPILER_APPICON_NAME = AppIcon;
				ASSETCATALOG_COMPILER_GLOBAL_ACCENT_COLOR_NAME = AccentColor;
				CODE_SIGN_STYLE = Automatic;
				CURRENT_PROJECT_VERSION = 1;
				DEVELOPMENT_ASSET_PATHS = "";
				ENABLE_PREVIEWS = YES;
				GENERATE_INFOPLIST_FILE = YES;
				INFOPLIST_KEY_UIApplicationSceneManifest_Generation = YES;
				INFOPLIST_KEY_UIApplicationSupportsIndirectInputEvents = YES;
				INFOPLIST_KEY_UILaunchScreen_Generation = YES;
				INFOPLIST_KEY_UISupportedInterfaceOrientations_iPhone = "UIInterfaceOrientationPortrait UIInterfaceOrientationLandscapeLeft UIInterfaceOrientationLandscapeRight";
				LD_RUNPATH_SEARCH_PATHS = (
					"$(inherited)",
					"@executable_path/Frameworks",
				);
				MARKETING_VERSION = 1.0;
				PRODUCT_BUNDLE_IDENTIFIER = com.ezstudy.notes;
				PRODUCT_NAME = "$(TARGET_NAME)";
				SWIFT_EMIT_LOC_STRINGS = YES;
				SWIFT_VERSION = 5.0;
				TARGETED_DEVICE_FAMILY = 1;
			};
			name = Debug;
		};
		A100000000000000000000B04 /* Release */ = {
			isa = XCBuildConfiguration;
			buildSettings = {
				ASSETCATALOG_COMPILER_APPICON_NAME = AppIcon;
				ASSETCATALOG_COMPILER_GLOBAL_ACCENT_COLOR_NAME = AccentColor;
				CODE_SIGN_STYLE = Automatic;
				CURRENT_PROJECT_VERSION = 1;
				DEVELOPMENT_ASSET_PATHS = "";
				ENABLE_PREVIEWS = YES;
				GENERATE_INFOPLIST_FILE = YES;
				INFOPLIST_KEY_UIApplicationSceneManifest_Generation = YES;
				INFOPLIST_KEY_UIApplicationSupportsIndirectInputEvents = YES;
				INFOPLIST_KEY_UILaunchScreen_Generation = YES;
				INFOPLIST_KEY_UISupportedInterfaceOrientations_iPhone = "UIInterfaceOrientationPortrait UIInterfaceOrientationLandscapeLeft UIInterfaceOrientationLandscapeRight";
				LD_RUNPATH_SEARCH_PATHS = (
					"$(inherited)",
					"@executable_path/Frameworks",
				);
				MARKETING_VERSION = 1.0;
				PRODUCT_BUNDLE_IDENTIFIER = com.ezstudy.notes;
				PRODUCT_NAME = "$(TARGET_NAME)";
				SWIFT_EMIT_LOC_STRINGS = YES;
				SWIFT_VERSION = 5.0;
				TARGETED_DEVICE_FAMILY = 1;
			};
			name = Release;
		};
/* End XCBuildConfiguration section */

/* Begin XCConfigurationList section */
		A100000000000000000000F01 /* Build configuration list for PBXProject "EZStudy" */ = {
			isa = XCConfigurationList;
			buildConfigurations = (
				A100000000000000000000B01 /* Debug */,
				A100000000000000000000B02 /* Release */,
			);
			defaultConfigurationIsVisible = 0;
			defaultConfigurationName = Release;
		};
		A100000000000000000000F02 /* Build configuration list for PBXNativeTarget "EZStudy" */ = {
			isa = XCConfigurationList;
			buildConfigurations = (
				A100000000000000000000B03 /* Debug */,
				A100000000000000000000B04 /* Release */,
			);
			defaultConfigurationIsVisible = 0;
			defaultConfigurationName = Release;
		};
/* End XCConfigurationList section */

	};
	rootObject = A100000000000000000000A01 /* Project object */;
}
